
Microsoft Visual Studio Solution File, Format Version 12.00
# Visual Studio Version 17
VisualStudioVersion = 17.1.32421.90
MinimumVisualStudioVersion = 10.0.40219.1
Project("{FAE04EC0-301F-11D3-BF4B-00C04F79EFBC}") = "ProjetoCSharp1", "ProjetoCSharp1\ProjetoCSharp1.csproj", "{F040C5BD-9483-40CD-B3FA-349E27C3A2DB}"
EndProject
Global
	GlobalSection(SolutionConfigurationPlatforms) = preSolution
		Debug|Any CPU = Debug|Any CPU
		Release|Any CPU = Release|Any CPU
	EndGlobalSection
	GlobalSection(ProjectConfigurationPlatforms) = postSolution
		{F040C5BD-9483-40CD-B3FA-349E27C3A2DB}.Debug|Any CPU.ActiveCfg = Debug|Any CPU
		{F040C5BD-9483-40CD-B3FA-349E27C3A2DB}.Debug|Any CPU.Build.0 = Debug|Any CPU
		{F040C5BD-9483-40CD-B3FA-349E27C3A2DB}.Release|Any CPU.ActiveCfg = Release|Any CPU
		{F040C5BD-9483-40CD-B3FA-349E27C3A2DB}.Release|Any CPU.Build.0 = Release|Any CPU
	EndGlobalSection
	GlobalSection(SolutionProperties) = preSolution
		HideSolutionNode = FALSE
	EndGlobalSection
	GlobalSection(ExtensibilityGlobals) = postSolution
		SolutionGuid = {1585860D-CC28-4D4A-A34C-D527768743EE}
	EndGlobalSection
EndGlobal
